
Microsoft Visual Studio Solution File, Format Version 12.00
# Visual Studio 15
VisualStudioVersion = 15.0.27428.2015
MinimumVisualStudioVersion = 10.0.40219.1
Project("{FAE04EC0-301F-11D3-BF4B-00C04F79EFBC}") = "01. Sum Digits", "01. Sum Digits\01. Sum Digits.csproj", "{88791E57-1758-4982-8D01-821D822F2846}"
EndProject
Project("{FAE04EC0-301F-11D3-BF4B-00C04F79EFBC}") = "02. Chars to String", "02. Chars to String\02. Chars to String.csproj", "{1F86A619-5ED5-47EC-B516-44B7F9DA091B}"
EndProject
Project("{FAE04EC0-301F-11D3-BF4B-00C04F79EFBC}") = "03. Town Info", "03. Town Info\03. Town Info.csproj", "{75FF539A-BC4A-40B8-8DEE-31CA1DE1A109}"
EndProject
Project("{FAE04EC0-301F-11D3-BF4B-00C04F79EFBC}") = "04. Convert Meters to Kilometers", "04. Convert Meters to Kilometers\04. Convert Meters to Kilometers.csproj", "{02458992-7B64-4FEF-A1D3-299F1CC5EA06}"
EndProject
Project("{FAE04EC0-301F-11D3-BF4B-00C04F79EFBC}") = "05. Pounds to Dollars", "05. Pounds to Dollars\05. Pounds to Dollars.csproj", "{72158B8F-B06A-43F5-B68D-D9E5A232F5FE}"
EndProject
Project("{FAE04EC0-301F-11D3-BF4B-00C04F79EFBC}") = "06. Reversed Chars", "06. Reversed Chars\06. Reversed Chars.csproj", "{5EB3E9AA-87D4-4384-B0E7-014ED9D350A2}"
EndProject
Project("{FAE04EC0-301F-11D3-BF4B-00C04F79EFBC}") = "07. Lower or Upper", "07. Lower or Upper\07. Lower or Upper.csproj", "{0ABAE219-1AAE-46FC-865A-B1CA19046C83}"
EndProject
Project("{FAE04EC0-301F-11D3-BF4B-00C04F79EFBC}") = "08. Snowballs", "08. Snowballs\08. Snowballs.csproj", "{9B04A977-CEA6-4BB2-AF27-00CF63482909}"
EndProject
Project("{FAE04EC0-301F-11D3-BF4B-00C04F79EFBC}") = "09. Poke Mon", "09. Poke Mon\09. Poke Mon.csproj", "{021D4F14-2156-44FD-A28B-22B733AD528B}"
EndProject
Global
	GlobalSection(SolutionConfigurationPlatforms) = preSolution
		Debug|Any CPU = Debug|Any CPU
		Release|Any CPU = Release|Any CPU
	EndGlobalSection
	GlobalSection(ProjectConfigurationPlatforms) = postSolution
		{88791E57-1758-4982-8D01-821D822F2846}.Debug|Any CPU.ActiveCfg = Debug|Any CPU
		{88791E57-1758-4982-8D01-821D822F2846}.Debug|Any CPU.Build.0 = Debug|Any CPU
		{88791E57-1758-4982-8D01-821D822F2846}.Release|Any CPU.ActiveCfg = Release|Any CPU
		{88791E57-1758-4982-8D01-821D822F2846}.Release|Any CPU.Build.0 = Release|Any CPU
		{1F86A619-5ED5-47EC-B516-44B7F9DA091B}.Debug|Any CPU.ActiveCfg = Debug|Any CPU
		{1F86A619-5ED5-47EC-B516-44B7F9DA091B}.Debug|Any CPU.Build.0 = Debug|Any CPU
		{1F86A619-5ED5-47EC-B516-44B7F9DA091B}.Release|Any CPU.ActiveCfg = Release|Any CPU
		{1F86A619-5ED5-47EC-B516-44B7F9DA091B}.Release|Any CPU.Build.0 = Release|Any CPU
		{75FF539A-BC4A-40B8-8DEE-31CA1DE1A109}.Debug|Any CPU.ActiveCfg = Debug|Any CPU
		{75FF539A-BC4A-40B8-8DEE-31CA1DE1A109}.Debug|Any CPU.Build.0 = Debug|Any CPU
		{75FF539A-BC4A-40B8-8DEE-31CA1DE1A109}.Release|Any CPU.ActiveCfg = Release|Any CPU
		{75FF539A-BC4A-40B8-8DEE-31CA1DE1A109}.Release|Any CPU.Build.0 = Release|Any CPU
		{02458992-7B64-4FEF-A1D3-299F1CC5EA06}.Debug|Any CPU.ActiveCfg = Debug|Any CPU
		{02458992-7B64-4FEF-A1D3-299F1CC5EA06}.Debug|Any CPU.Build.0 = Debug|Any CPU
		{02458992-7B64-4FEF-A1D3-299F1CC5EA06}.Release|Any CPU.ActiveCfg = Release|Any CPU
		{02458992-7B64-4FEF-A1D3-299F1CC5EA06}.Release|Any CPU.Build.0 = Release|Any CPU
		{72158B8F-B06A-43F5-B68D-D9E5A232F5FE}.Debug|Any CPU.ActiveCfg = Debug|Any CPU
		{72158B8F-B06A-43F5-B68D-D9E5A232F5FE}.Debug|Any CPU.Build.0 = Debug|Any CPU
		{72158B8F-B06A-43F5-B68D-D9E5A232F5FE}.Release|Any CPU.ActiveCfg = Release|Any CPU
		{72158B8F-B06A-43F5-B68D-D9E5A232F5FE}.Release|Any CPU.Build.0 = Release|Any CPU
		{5EB3E9AA-87D4-4384-B0E7-014ED9D350A2}.Debug|Any CPU.ActiveCfg = Debug|Any CPU
		{5EB3E9AA-87D4-4384-B0E7-014ED9D350A2}.Debug|Any CPU.Build.0 = Debug|Any CPU
		{5EB3E9AA-87D4-4384-B0E7-014ED9D350A2}.Release|Any CPU.ActiveCfg = Release|Any CPU
		{5EB3E9AA-87D4-4384-B0E7-014ED9D350A2}.Release|Any CPU.Build.0 = Release|Any CPU
		{0ABAE219-1AAE-46FC-865A-B1CA19046C83}.Debug|Any CPU.ActiveCfg = Debug|Any CPU
		{0ABAE219-1AAE-46FC-865A-B1CA19046C83}.Debug|Any CPU.Build.0 = Debug|Any CPU
		{0ABAE219-1AAE-46FC-865A-B1CA19046C83}.Release|Any CPU.ActiveCfg = Release|Any CPU
		{0ABAE219-1AAE-46FC-865A-B1CA19046C83}.Release|Any CPU.Build.0 = Release|Any CPU
		{9B04A977-CEA6-4BB2-AF27-00CF63482909}.Debug|Any CPU.ActiveCfg = Debug|Any CPU
		{9B04A977-CEA6-4BB2-AF27-00CF63482909}.Debug|Any CPU.Build.0 = Debug|Any CPU
		{9B04A977-CEA6-4BB2-AF27-00CF63482909}.Release|Any CPU.ActiveCfg = Release|Any CPU
		{9B04A977-CEA6-4BB2-AF27-00CF63482909}.Release|Any CPU.Build.0 = Release|Any CPU
		{021D4F14-2156-44FD-A28B-22B733AD528B}.Debug|Any CPU.ActiveCfg = Debug|Any CPU
		{021D4F14-2156-44FD-A28B-22B733AD528B}.Debug|Any CPU.Build.0 = Debug|Any CPU
		{021D4F14-2156-44FD-A28B-22B733AD528B}.Release|Any CPU.ActiveCfg = Release|Any CPU
		{021D4F14-2156-44FD-A28B-22B733AD528B}.Release|Any CPU.Build.0 = Release|Any CPU
	EndGlobalSection
	GlobalSection(SolutionProperties) = preSolution
		HideSolutionNode = FALSE
	EndGlobalSection
	GlobalSection(ExtensibilityGlobals) = postSolution
		SolutionGuid = {28038A4E-32DD-4597-9A25-693A19650C47}
	EndGlobalSection
EndGlobal
