
Microsoft Visual Studio Solution File, Format Version 12.00
# Visual Studio 15
VisualStudioVersion = 15.0.27428.2015
MinimumVisualStudioVersion = 10.0.40219.1
Project("{9A19103F-16F7-4668-BE54-9A1E7A4F7556}") = "01. Remove Negatives and Reverse", "01. Remove Negatives and Reverse\01. Remove Negatives and Reverse.csproj", "{9544D901-7886-4516-9629-B259C06D9F41}"
EndProject
Project("{FAE04EC0-301F-11D3-BF4B-00C04F79EFBC}") = "02. Sum Adjacent Equal Numbers", "02. Sum Adjacent Equal Numbers\02. Sum Adjacent Equal Numbers.csproj", "{001BABDA-9A7F-4786-A5D7-63D7B770D1B1}"
EndProject
Project("{FAE04EC0-301F-11D3-BF4B-00C04F79EFBC}") = "03. Gauss' Trick", "03. Gauss' Trick\03. Gauss' Trick.csproj", "{FC41B912-3C25-489D-B51C-CFFC125B77C3}"
EndProject
Project("{FAE04EC0-301F-11D3-BF4B-00C04F79EFBC}") = "04. List of Products", "04. List of Products\04. List of Products.csproj", "{4C38D58D-7A7A-4F82-AFAE-8DD5FEF5A505}"
EndProject
Project("{FAE04EC0-301F-11D3-BF4B-00C04F79EFBC}") = "05. List Manipulation Basics", "05. List Manipulation Basics\05. List Manipulation Basics.csproj", "{70A7A718-2E23-4B38-A00B-9C989F52D489}"
EndProject
Project("{FAE04EC0-301F-11D3-BF4B-00C04F79EFBC}") = "06. List Manipulation Advanced", "06. List Manipulation Advanced\06. List Manipulation Advanced.csproj", "{ADF73C1B-7F0A-4229-98BA-0EBE2C26357B}"
EndProject
Project("{FAE04EC0-301F-11D3-BF4B-00C04F79EFBC}") = "07. Merging Lists", "07. Merging Lists\07. Merging Lists.csproj", "{F983E848-A4D5-4DDD-AF81-431708E1976F}"
EndProject
Global
	GlobalSection(SolutionConfigurationPlatforms) = preSolution
		Debug|Any CPU = Debug|Any CPU
		Release|Any CPU = Release|Any CPU
	EndGlobalSection
	GlobalSection(ProjectConfigurationPlatforms) = postSolution
		{9544D901-7886-4516-9629-B259C06D9F41}.Debug|Any CPU.ActiveCfg = Debug|Any CPU
		{9544D901-7886-4516-9629-B259C06D9F41}.Debug|Any CPU.Build.0 = Debug|Any CPU
		{9544D901-7886-4516-9629-B259C06D9F41}.Release|Any CPU.ActiveCfg = Release|Any CPU
		{9544D901-7886-4516-9629-B259C06D9F41}.Release|Any CPU.Build.0 = Release|Any CPU
		{001BABDA-9A7F-4786-A5D7-63D7B770D1B1}.Debug|Any CPU.ActiveCfg = Debug|Any CPU
		{001BABDA-9A7F-4786-A5D7-63D7B770D1B1}.Debug|Any CPU.Build.0 = Debug|Any CPU
		{001BABDA-9A7F-4786-A5D7-63D7B770D1B1}.Release|Any CPU.ActiveCfg = Release|Any CPU
		{001BABDA-9A7F-4786-A5D7-63D7B770D1B1}.Release|Any CPU.Build.0 = Release|Any CPU
		{FC41B912-3C25-489D-B51C-CFFC125B77C3}.Debug|Any CPU.ActiveCfg = Debug|Any CPU
		{FC41B912-3C25-489D-B51C-CFFC125B77C3}.Debug|Any CPU.Build.0 = Debug|Any CPU
		{FC41B912-3C25-489D-B51C-CFFC125B77C3}.Release|Any CPU.ActiveCfg = Release|Any CPU
		{FC41B912-3C25-489D-B51C-CFFC125B77C3}.Release|Any CPU.Build.0 = Release|Any CPU
		{4C38D58D-7A7A-4F82-AFAE-8DD5FEF5A505}.Debug|Any CPU.ActiveCfg = Debug|Any CPU
		{4C38D58D-7A7A-4F82-AFAE-8DD5FEF5A505}.Debug|Any CPU.Build.0 = Debug|Any CPU
		{4C38D58D-7A7A-4F82-AFAE-8DD5FEF5A505}.Release|Any CPU.ActiveCfg = Release|Any CPU
		{4C38D58D-7A7A-4F82-AFAE-8DD5FEF5A505}.Release|Any CPU.Build.0 = Release|Any CPU
		{70A7A718-2E23-4B38-A00B-9C989F52D489}.Debug|Any CPU.ActiveCfg = Debug|Any CPU
		{70A7A718-2E23-4B38-A00B-9C989F52D489}.Debug|Any CPU.Build.0 = Debug|Any CPU
		{70A7A718-2E23-4B38-A00B-9C989F52D489}.Release|Any CPU.ActiveCfg = Release|Any CPU
		{70A7A718-2E23-4B38-A00B-9C989F52D489}.Release|Any CPU.Build.0 = Release|Any CPU
		{ADF73C1B-7F0A-4229-98BA-0EBE2C26357B}.Debug|Any CPU.ActiveCfg = Debug|Any CPU
		{ADF73C1B-7F0A-4229-98BA-0EBE2C26357B}.Debug|Any CPU.Build.0 = Debug|Any CPU
		{ADF73C1B-7F0A-4229-98BA-0EBE2C26357B}.Release|Any CPU.ActiveCfg = Release|Any CPU
		{ADF73C1B-7F0A-4229-98BA-0EBE2C26357B}.Release|Any CPU.Build.0 = Release|Any CPU
		{F983E848-A4D5-4DDD-AF81-431708E1976F}.Debug|Any CPU.ActiveCfg = Debug|Any CPU
		{F983E848-A4D5-4DDD-AF81-431708E1976F}.Debug|Any CPU.Build.0 = Debug|Any CPU
		{F983E848-A4D5-4DDD-AF81-431708E1976F}.Release|Any CPU.ActiveCfg = Release|Any CPU
		{F983E848-A4D5-4DDD-AF81-431708E1976F}.Release|Any CPU.Build.0 = Release|Any CPU
	EndGlobalSection
	GlobalSection(SolutionProperties) = preSolution
		HideSolutionNode = FALSE
	EndGlobalSection
	GlobalSection(ExtensibilityGlobals) = postSolution
		SolutionGuid = {AE60004B-34ED-4033-BD99-178CD50674E0}
	EndGlobalSection
EndGlobal
