
Microsoft Visual Studio Solution File, Format Version 12.00
# Visual Studio 15
VisualStudioVersion = 15.0.28306.52
MinimumVisualStudioVersion = 10.0.40219.1
Project("{FAE04EC0-301F-11D3-BF4B-00C04F79EFBC}") = "01. Extract Person Information", "01. Extract Person Information\01. Extract Person Information.csproj", "{67BF77DB-3FAE-4404-8D0A-A5A4C46F9CFF}"
EndProject
Project("{FAE04EC0-301F-11D3-BF4B-00C04F79EFBC}") = "02. Ascii Sumator", "02. Ascii Sumator\02. Ascii Sumator.csproj", "{6AB74A06-DB30-4FB1-80AF-34D6DBFC9972}"
EndProject
Project("{FAE04EC0-301F-11D3-BF4B-00C04F79EFBC}") = "03. Treasure Finder", "03. Treasure Finder\03. Treasure Finder.csproj", "{FA7F8E7B-67D8-49A2-AB09-C0ACE462DA70}"
EndProject
Project("{FAE04EC0-301F-11D3-BF4B-00C04F79EFBC}") = "04. Morse Code Translator", "04. Morse Code Translator\04. Morse Code Translator.csproj", "{5743470E-C240-4BB5-856E-4E751C518BF7}"
EndProject
Project("{FAE04EC0-301F-11D3-BF4B-00C04F79EFBC}") = "05. HTML", "05. HTML\05. HTML.csproj", "{62AB50F7-68E7-4965-A76A-5A9DC6F149BE}"
EndProject
Global
	GlobalSection(SolutionConfigurationPlatforms) = preSolution
		Debug|Any CPU = Debug|Any CPU
		Release|Any CPU = Release|Any CPU
	EndGlobalSection
	GlobalSection(ProjectConfigurationPlatforms) = postSolution
		{67BF77DB-3FAE-4404-8D0A-A5A4C46F9CFF}.Debug|Any CPU.ActiveCfg = Debug|Any CPU
		{67BF77DB-3FAE-4404-8D0A-A5A4C46F9CFF}.Debug|Any CPU.Build.0 = Debug|Any CPU
		{67BF77DB-3FAE-4404-8D0A-A5A4C46F9CFF}.Release|Any CPU.ActiveCfg = Release|Any CPU
		{67BF77DB-3FAE-4404-8D0A-A5A4C46F9CFF}.Release|Any CPU.Build.0 = Release|Any CPU
		{6AB74A06-DB30-4FB1-80AF-34D6DBFC9972}.Debug|Any CPU.ActiveCfg = Debug|Any CPU
		{6AB74A06-DB30-4FB1-80AF-34D6DBFC9972}.Debug|Any CPU.Build.0 = Debug|Any CPU
		{6AB74A06-DB30-4FB1-80AF-34D6DBFC9972}.Release|Any CPU.ActiveCfg = Release|Any CPU
		{6AB74A06-DB30-4FB1-80AF-34D6DBFC9972}.Release|Any CPU.Build.0 = Release|Any CPU
		{FA7F8E7B-67D8-49A2-AB09-C0ACE462DA70}.Debug|Any CPU.ActiveCfg = Debug|Any CPU
		{FA7F8E7B-67D8-49A2-AB09-C0ACE462DA70}.Debug|Any CPU.Build.0 = Debug|Any CPU
		{FA7F8E7B-67D8-49A2-AB09-C0ACE462DA70}.Release|Any CPU.ActiveCfg = Release|Any CPU
		{FA7F8E7B-67D8-49A2-AB09-C0ACE462DA70}.Release|Any CPU.Build.0 = Release|Any CPU
		{5743470E-C240-4BB5-856E-4E751C518BF7}.Debug|Any CPU.ActiveCfg = Debug|Any CPU
		{5743470E-C240-4BB5-856E-4E751C518BF7}.Debug|Any CPU.Build.0 = Debug|Any CPU
		{5743470E-C240-4BB5-856E-4E751C518BF7}.Release|Any CPU.ActiveCfg = Release|Any CPU
		{5743470E-C240-4BB5-856E-4E751C518BF7}.Release|Any CPU.Build.0 = Release|Any CPU
		{62AB50F7-68E7-4965-A76A-5A9DC6F149BE}.Debug|Any CPU.ActiveCfg = Debug|Any CPU
		{62AB50F7-68E7-4965-A76A-5A9DC6F149BE}.Debug|Any CPU.Build.0 = Debug|Any CPU
		{62AB50F7-68E7-4965-A76A-5A9DC6F149BE}.Release|Any CPU.ActiveCfg = Release|Any CPU
		{62AB50F7-68E7-4965-A76A-5A9DC6F149BE}.Release|Any CPU.Build.0 = Release|Any CPU
	EndGlobalSection
	GlobalSection(SolutionProperties) = preSolution
		HideSolutionNode = FALSE
	EndGlobalSection
	GlobalSection(ExtensibilityGlobals) = postSolution
		SolutionGuid = {0BF0779A-16F8-4079-9EA6-11A021B012AE}
	EndGlobalSection
EndGlobal
