
Microsoft Visual Studio Solution File, Format Version 12.00
# Visual Studio 15
VisualStudioVersion = 15.0.27428.2015
MinimumVisualStudioVersion = 10.0.40219.1
Project("{9A19103F-16F7-4668-BE54-9A1E7A4F7556}") = "01. Ranking", "01. Ranking\01. Ranking.csproj", "{D796613A-F62E-486C-9CDE-EF3E343B62D3}"
EndProject
Project("{9A19103F-16F7-4668-BE54-9A1E7A4F7556}") = "02. Judge", "02. Judge\02. Judge.csproj", "{0C4A2EE6-23B8-4A96-9340-09FE673CD660}"
EndProject
Project("{9A19103F-16F7-4668-BE54-9A1E7A4F7556}") = "03. MOBA Challenger", "03. MOBA Challenger\03. MOBA Challenger.csproj", "{AFF72D75-E1B7-4955-ACAD-41972E0871D0}"
EndProject
Project("{9A19103F-16F7-4668-BE54-9A1E7A4F7556}") = "04. Snowwhite", "04. Snowwhite\04. Snowwhite.csproj", "{AAD7C334-EA96-4504-95E2-56CBD00279A4}"
EndProject
Project("{FAE04EC0-301F-11D3-BF4B-00C04F79EFBC}") = "05. Dragon Army", "05. Dragon Army\05. Dragon Army.csproj", "{E983CB59-8AE4-40B5-96B2-C15987023DD3}"
EndProject
Global
	GlobalSection(SolutionConfigurationPlatforms) = preSolution
		Debug|Any CPU = Debug|Any CPU
		Release|Any CPU = Release|Any CPU
	EndGlobalSection
	GlobalSection(ProjectConfigurationPlatforms) = postSolution
		{D796613A-F62E-486C-9CDE-EF3E343B62D3}.Debug|Any CPU.ActiveCfg = Debug|Any CPU
		{D796613A-F62E-486C-9CDE-EF3E343B62D3}.Debug|Any CPU.Build.0 = Debug|Any CPU
		{D796613A-F62E-486C-9CDE-EF3E343B62D3}.Release|Any CPU.ActiveCfg = Release|Any CPU
		{D796613A-F62E-486C-9CDE-EF3E343B62D3}.Release|Any CPU.Build.0 = Release|Any CPU
		{0C4A2EE6-23B8-4A96-9340-09FE673CD660}.Debug|Any CPU.ActiveCfg = Debug|Any CPU
		{0C4A2EE6-23B8-4A96-9340-09FE673CD660}.Debug|Any CPU.Build.0 = Debug|Any CPU
		{0C4A2EE6-23B8-4A96-9340-09FE673CD660}.Release|Any CPU.ActiveCfg = Release|Any CPU
		{0C4A2EE6-23B8-4A96-9340-09FE673CD660}.Release|Any CPU.Build.0 = Release|Any CPU
		{AFF72D75-E1B7-4955-ACAD-41972E0871D0}.Debug|Any CPU.ActiveCfg = Debug|Any CPU
		{AFF72D75-E1B7-4955-ACAD-41972E0871D0}.Debug|Any CPU.Build.0 = Debug|Any CPU
		{AFF72D75-E1B7-4955-ACAD-41972E0871D0}.Release|Any CPU.ActiveCfg = Release|Any CPU
		{AFF72D75-E1B7-4955-ACAD-41972E0871D0}.Release|Any CPU.Build.0 = Release|Any CPU
		{AAD7C334-EA96-4504-95E2-56CBD00279A4}.Debug|Any CPU.ActiveCfg = Debug|Any CPU
		{AAD7C334-EA96-4504-95E2-56CBD00279A4}.Debug|Any CPU.Build.0 = Debug|Any CPU
		{AAD7C334-EA96-4504-95E2-56CBD00279A4}.Release|Any CPU.ActiveCfg = Release|Any CPU
		{AAD7C334-EA96-4504-95E2-56CBD00279A4}.Release|Any CPU.Build.0 = Release|Any CPU
		{E983CB59-8AE4-40B5-96B2-C15987023DD3}.Debug|Any CPU.ActiveCfg = Debug|Any CPU
		{E983CB59-8AE4-40B5-96B2-C15987023DD3}.Debug|Any CPU.Build.0 = Debug|Any CPU
		{E983CB59-8AE4-40B5-96B2-C15987023DD3}.Release|Any CPU.ActiveCfg = Release|Any CPU
		{E983CB59-8AE4-40B5-96B2-C15987023DD3}.Release|Any CPU.Build.0 = Release|Any CPU
	EndGlobalSection
	GlobalSection(SolutionProperties) = preSolution
		HideSolutionNode = FALSE
	EndGlobalSection
	GlobalSection(ExtensibilityGlobals) = postSolution
		SolutionGuid = {C0DA4ECB-869D-4289-9982-FCDB27537B0D}
	EndGlobalSection
EndGlobal
